
Microsoft Visual Studio Solution File, Format Version 12.00
# Visual Studio Version 17
VisualStudioVersion = 17.3.32929.385
MinimumVisualStudioVersion = 10.0.40219.1
Project("{FAE04EC0-301F-11D3-BF4B-00C04F79EFBC}") = "semKirgizov", "semKirgizov\semKirgizov.csproj", "{5C44F7C5-E3FE-4ABB-96D5-18DBA287C99C}"
EndProject
Global
	GlobalSection(SolutionConfigurationPlatforms) = preSolution
		Debug|Any CPU = Debug|Any CPU
		Release|Any CPU = Release|Any CPU
	EndGlobalSection
	GlobalSection(ProjectConfigurationPlatforms) = postSolution
		{5C44F7C5-E3FE-4ABB-96D5-18DBA287C99C}.Debug|Any CPU.ActiveCfg = Debug|Any CPU
		{5C44F7C5-E3FE-4ABB-96D5-18DBA287C99C}.Debug|Any CPU.Build.0 = Debug|Any CPU
		{5C44F7C5-E3FE-4ABB-96D5-18DBA287C99C}.Release|Any CPU.ActiveCfg = Release|Any CPU
		{5C44F7C5-E3FE-4ABB-96D5-18DBA287C99C}.Release|Any CPU.Build.0 = Release|Any CPU
	EndGlobalSection
	GlobalSection(SolutionProperties) = preSolution
		HideSolutionNode = FALSE
	EndGlobalSection
	GlobalSection(ExtensibilityGlobals) = postSolution
		SolutionGuid = {CE196866-2C6A-4D42-88A2-58D4620A50C6}
	EndGlobalSection
EndGlobal
